
Microsoft Visual Studio Solution File, Format Version 11.00
# Visual Studio Version 17

Project("{8BC9CEB8-8B4A-11D0-8D11-00A0C91BC942}") = "JohnSynth - Standalone Plugin", "JohnSynth_StandalonePlugin.vcxproj", "{6B29E2CA-ED48-3B9E-577B-1C955B66494B}"
	ProjectSection(ProjectDependencies) = postProject
		{BB05DFEC-18A6-072F-2FE1-84DDD4ABF17E} = {BB05DFEC-18A6-072F-2FE1-84DDD4ABF17E}
	EndProjectSection
EndProject
Project("{8BC9CEB8-8B4A-11D0-8D11-00A0C91BC942}") = "JohnSynth - Shared Code", "JohnSynth_SharedCode.vcxproj", "{BB05DFEC-18A6-072F-2FE1-84DDD4ABF17E}"
EndProject
Global
	GlobalSection(SolutionConfigurationPlatforms) = preSolution
		Debug|x64 = Debug|x64
		Release|x64 = Release|x64
	EndGlobalSection
	GlobalSection(ProjectConfigurationPlatforms) = postSolution
		{6B29E2CA-ED48-3B9E-577B-1C955B66494B}.Debug|x64.ActiveCfg = Debug|x64
		{6B29E2CA-ED48-3B9E-577B-1C955B66494B}.Debug|x64.Build.0 = Debug|x64
		{6B29E2CA-ED48-3B9E-577B-1C955B66494B}.Release|x64.ActiveCfg = Release|x64
		{6B29E2CA-ED48-3B9E-577B-1C955B66494B}.Release|x64.Build.0 = Release|x64
		{BB05DFEC-18A6-072F-2FE1-84DDD4ABF17E}.Debug|x64.ActiveCfg = Debug|x64
		{BB05DFEC-18A6-072F-2FE1-84DDD4ABF17E}.Debug|x64.Build.0 = Debug|x64
		{BB05DFEC-18A6-072F-2FE1-84DDD4ABF17E}.Release|x64.ActiveCfg = Release|x64
		{BB05DFEC-18A6-072F-2FE1-84DDD4ABF17E}.Release|x64.Build.0 = Release|x64
	EndGlobalSection
	GlobalSection(SolutionProperties) = preSolution
		HideSolutionNode = FALSE
	EndGlobalSection
EndGlobal
